
Microsoft Visual Studio Solution File, Format Version 12.00
# Visual Studio Version 17
VisualStudioVersion = 17.11.35222.181
MinimumVisualStudioVersion = 10.0.40219.1
Project("{FAE04EC0-301F-11D3-BF4B-00C04F79EFBC}") = "Bankkonsolapplikation", "Bankkonsolapplikation.csproj", "{1DF7A65A-4553-47F3-8579-F59BACC4443A}"
EndProject
Global
	GlobalSection(SolutionConfigurationPlatforms) = preSolution
		Debug|Any CPU = Debug|Any CPU
		Release|Any CPU = Release|Any CPU
	EndGlobalSection
	GlobalSection(ProjectConfigurationPlatforms) = postSolution
		{1DF7A65A-4553-47F3-8579-F59BACC4443A}.Debug|Any CPU.ActiveCfg = Debug|Any CPU
		{1DF7A65A-4553-47F3-8579-F59BACC4443A}.Debug|Any CPU.Build.0 = Debug|Any CPU
		{1DF7A65A-4553-47F3-8579-F59BACC4443A}.Release|Any CPU.ActiveCfg = Release|Any CPU
		{1DF7A65A-4553-47F3-8579-F59BACC4443A}.Release|Any CPU.Build.0 = Release|Any CPU
	EndGlobalSection
	GlobalSection(SolutionProperties) = preSolution
		HideSolutionNode = FALSE
	EndGlobalSection
	GlobalSection(ExtensibilityGlobals) = postSolution
		SolutionGuid = {8503AADC-6F0D-47D7-9003-A6E2EAC4C9FA}
	EndGlobalSection
EndGlobal
